
Microsoft Visual Studio Solution File, Format Version 12.00
# Visual Studio Version 16
VisualStudioVersion = 16.0.32802.440
MinimumVisualStudioVersion = 10.0.40219.1
Project("{FAE04EC0-301F-11D3-BF4B-00C04F79EFBC}") = "cApp", "cApp\cApp.csproj", "{35ADB323-C612-42CE-A1E5-BE0E399C9084}"
EndProject
Global
	GlobalSection(SolutionConfigurationPlatforms) = preSolution
		Debug|Any CPU = Debug|Any CPU
		Release|Any CPU = Release|Any CPU
	EndGlobalSection
	GlobalSection(ProjectConfigurationPlatforms) = postSolution
		{35ADB323-C612-42CE-A1E5-BE0E399C9084}.Debug|Any CPU.ActiveCfg = Debug|Any CPU
		{35ADB323-C612-42CE-A1E5-BE0E399C9084}.Debug|Any CPU.Build.0 = Debug|Any CPU
		{35ADB323-C612-42CE-A1E5-BE0E399C9084}.Release|Any CPU.ActiveCfg = Release|Any CPU
		{35ADB323-C612-42CE-A1E5-BE0E399C9084}.Release|Any CPU.Build.0 = Release|Any CPU
	EndGlobalSection
	GlobalSection(SolutionProperties) = preSolution
		HideSolutionNode = FALSE
	EndGlobalSection
	GlobalSection(ExtensibilityGlobals) = postSolution
		SolutionGuid = {D9C40AE4-B380-4564-9998-0D94515D65DB}
	EndGlobalSection
EndGlobal
