
Microsoft Visual Studio Solution File, Format Version 12.00
# Visual Studio Version 16
VisualStudioVersion = 16.0.32802.440
MinimumVisualStudioVersion = 10.0.40219.1
Project("{FAE04EC0-301F-11D3-BF4B-00C04F79EFBC}") = "wApp", "wApp\wApp.csproj", "{78BBDB22-EEE4-4289-AADB-CFD961A09074}"
EndProject
Global
	GlobalSection(SolutionConfigurationPlatforms) = preSolution
		Debug|Any CPU = Debug|Any CPU
		Release|Any CPU = Release|Any CPU
	EndGlobalSection
	GlobalSection(ProjectConfigurationPlatforms) = postSolution
		{78BBDB22-EEE4-4289-AADB-CFD961A09074}.Debug|Any CPU.ActiveCfg = Debug|Any CPU
		{78BBDB22-EEE4-4289-AADB-CFD961A09074}.Debug|Any CPU.Build.0 = Debug|Any CPU
		{78BBDB22-EEE4-4289-AADB-CFD961A09074}.Release|Any CPU.ActiveCfg = Release|Any CPU
		{78BBDB22-EEE4-4289-AADB-CFD961A09074}.Release|Any CPU.Build.0 = Release|Any CPU
	EndGlobalSection
	GlobalSection(SolutionProperties) = preSolution
		HideSolutionNode = FALSE
	EndGlobalSection
	GlobalSection(ExtensibilityGlobals) = postSolution
		SolutionGuid = {4E6CD9EB-0027-44C8-8D8C-0DAAA930476A}
	EndGlobalSection
EndGlobal
